
Microsoft Visual Studio Solution File, Format Version 12.00
# Visual Studio Version 16
VisualStudioVersion = 16.0.31410.357
MinimumVisualStudioVersion = 10.0.40219.1
Project("{9A19103F-16F7-4668-BE54-9A1E7A4F7556}") = "ACME_Token_Mgmt_BackEnd", "ACME_Token_Mgmt_BackEnd\ACME_Token_Mgmt_BackEnd.csproj", "{8DA1305D-48CD-4ECF-B1C9-648E357E9CFF}"
EndProject
Project("{E24C65DC-7377-472B-9ABA-BC803B73C61A}") = "ACME-Token-Mgmt-FrontEnd(1)", "ACME-Token-Mgmt-FrontEnd\", "{E81FD273-2855-4657-BB7A-8832BC72B60A}"
	ProjectSection(WebsiteProperties) = preProject
		TargetFrameworkMoniker = ".NETFramework,Version%3Dv4.0"
		Debug.AspNetCompiler.VirtualPath = "/localhost_57345"
		Debug.AspNetCompiler.PhysicalPath = "ACME-Token-Mgmt-FrontEnd\"
		Debug.AspNetCompiler.TargetPath = "PrecompiledWeb\localhost_57345\"
		Debug.AspNetCompiler.Updateable = "true"
		Debug.AspNetCompiler.ForceOverwrite = "true"
		Debug.AspNetCompiler.FixedNames = "false"
		Debug.AspNetCompiler.Debug = "True"
		Release.AspNetCompiler.VirtualPath = "/localhost_57345"
		Release.AspNetCompiler.PhysicalPath = "ACME-Token-Mgmt-FrontEnd\"
		Release.AspNetCompiler.TargetPath = "PrecompiledWeb\localhost_57345\"
		Release.AspNetCompiler.Updateable = "true"
		Release.AspNetCompiler.ForceOverwrite = "true"
		Release.AspNetCompiler.FixedNames = "false"
		Release.AspNetCompiler.Debug = "False"
		VWDPort = "57345"
		SlnRelativePath = "ACME-Token-Mgmt-FrontEnd\"
	EndProjectSection
EndProject
Global
	GlobalSection(SolutionConfigurationPlatforms) = preSolution
		Debug|Any CPU = Debug|Any CPU
		Release|Any CPU = Release|Any CPU
	EndGlobalSection
	GlobalSection(ProjectConfigurationPlatforms) = postSolution
		{8DA1305D-48CD-4ECF-B1C9-648E357E9CFF}.Debug|Any CPU.ActiveCfg = Debug|Any CPU
		{8DA1305D-48CD-4ECF-B1C9-648E357E9CFF}.Debug|Any CPU.Build.0 = Debug|Any CPU
		{8DA1305D-48CD-4ECF-B1C9-648E357E9CFF}.Release|Any CPU.ActiveCfg = Release|Any CPU
		{8DA1305D-48CD-4ECF-B1C9-648E357E9CFF}.Release|Any CPU.Build.0 = Release|Any CPU
		{E81FD273-2855-4657-BB7A-8832BC72B60A}.Debug|Any CPU.ActiveCfg = Debug|Any CPU
		{E81FD273-2855-4657-BB7A-8832BC72B60A}.Debug|Any CPU.Build.0 = Debug|Any CPU
		{E81FD273-2855-4657-BB7A-8832BC72B60A}.Release|Any CPU.ActiveCfg = Debug|Any CPU
		{E81FD273-2855-4657-BB7A-8832BC72B60A}.Release|Any CPU.Build.0 = Debug|Any CPU
	EndGlobalSection
	GlobalSection(SolutionProperties) = preSolution
		HideSolutionNode = FALSE
	EndGlobalSection
	GlobalSection(ExtensibilityGlobals) = postSolution
		SolutionGuid = {E7D3EFFE-B0DA-401C-ACF7-24262A998DFA}
	EndGlobalSection
EndGlobal
